
Microsoft Visual Studio Solution File, Format Version 12.00
# Visual Studio Version 16
VisualStudioVersion = 16.0.30330.147
MinimumVisualStudioVersion = 10.0.40219.1
Project("{FAE04EC0-301F-11D3-BF4B-00C04F79EFBC}") = "Host", "Host\Host.csproj", "{949DE7A0-28EA-414A-B0FD-77D7F3099943}"
EndProject
Global
	GlobalSection(SolutionConfigurationPlatforms) = preSolution
		Debug|Any CPU = Debug|Any CPU
		Release|Any CPU = Release|Any CPU
	EndGlobalSection
	GlobalSection(ProjectConfigurationPlatforms) = postSolution
		{949DE7A0-28EA-414A-B0FD-77D7F3099943}.Debug|Any CPU.ActiveCfg = Debug|Any CPU
		{949DE7A0-28EA-414A-B0FD-77D7F3099943}.Debug|Any CPU.Build.0 = Debug|Any CPU
		{949DE7A0-28EA-414A-B0FD-77D7F3099943}.Release|Any CPU.ActiveCfg = Release|Any CPU
		{949DE7A0-28EA-414A-B0FD-77D7F3099943}.Release|Any CPU.Build.0 = Release|Any CPU
	EndGlobalSection
	GlobalSection(SolutionProperties) = preSolution
		HideSolutionNode = FALSE
	EndGlobalSection
	GlobalSection(ExtensibilityGlobals) = postSolution
		SolutionGuid = {A6DE3203-8E2D-4354-B107-E746B2D078AB}
	EndGlobalSection
EndGlobal
